// !$*UTF8*$!
{
	archiveVersion = 1;
	classes = {
	};
	objectVersion = 50;
	objects = {

/* Begin PBXBuildFile section */
		4C416DA0218F4D2700AADF85 /* AppDelegate.swift in Sources */ = {isa = PBXBuildFile; fileRef = 4C416D9F218F4D2700AADF85 /* AppDelegate.swift */; };
		4C416DA5218F4D2700AADF85 /* Main.storyboard in Resources */ = {isa = PBXBuildFile; fileRef = 4C416DA3218F4D2700AADF85 /* Main.storyboard */; };
		4C416DA7218F4D2900AADF85 /* Assets.xcassets in Resources */ = {isa = PBXBuildFile; fileRef = 4C416DA6218F4D2900AADF85 /* Assets.xcassets */; };
		4C416DAA218F4D2900AADF85 /* LaunchScreen.storyboard in Resources */ = {isa = PBXBuildFile; fileRef = 4C416DA8218F4D2900AADF85 /* LaunchScreen.storyboard */; };
		4C416DB5218F4D2900AADF85 /* PokedexTests.swift in Sources */ = {isa = PBXBuildFile; fileRef = 4C416DB4218F4D2900AADF85 /* PokedexTests.swift */; };
		4C416DC0218F4D2900AADF85 /* PokedexUITests.swift in Sources */ = {isa = PBXBuildFile; fileRef = 4C416DBF218F4D2900AADF85 /* PokedexUITests.swift */; };
		4C416DD2218F4DCC00AADF85 /* Race.swift in Sources */ = {isa = PBXBuildFile; fileRef = 4C416DCE218F4DCB00AADF85 /* Race.swift */; };
		4C416DD3218F4DCC00AADF85 /* Type.swift in Sources */ = {isa = PBXBuildFile; fileRef = 4C416DCF218F4DCC00AADF85 /* Type.swift */; };
		4C416DD4218F4DCC00AADF85 /* PokedexModel.swift in Sources */ = {isa = PBXBuildFile; fileRef = 4C416DD0218F4DCC00AADF85 /* PokedexModel.swift */; };
		4C416DD5218F4DCC00AADF85 /* pokedex.plist in Resources */ = {isa = PBXBuildFile; fileRef = 4C416DD1218F4DCC00AADF85 /* pokedex.plist */; };
		4C704891218F6B57004A43B2 /* TypesTableViewCell.swift in Sources */ = {isa = PBXBuildFile; fileRef = 4C704890218F6B57004A43B2 /* TypesTableViewCell.swift */; };
		4C704893218F7524004A43B2 /* RacesTableViewController.swift in Sources */ = {isa = PBXBuildFile; fileRef = 4C704892218F7524004A43B2 /* RacesTableViewController.swift */; };
		4C8B99F9218F54C30061A9FC /* TypesTableViewController.swift in Sources */ = {isa = PBXBuildFile; fileRef = 4C8B99F8218F54C30061A9FC /* TypesTableViewController.swift */; };
		4CF0C009218F9A620069B120 /* WebViewController.swift in Sources */ = {isa = PBXBuildFile; fileRef = 4CF0C008218F9A620069B120 /* WebViewController.swift */; };
/* End PBXBuildFile section */

/* Begin PBXContainerItemProxy section */
		4C416DB1218F4D2900AADF85 /* PBXContainerItemProxy */ = {
			isa = PBXContainerItemProxy;
			containerPortal = 4C416D94218F4D2700AADF85 /* Project object */;
			proxyType = 1;
			remoteGlobalIDString = 4C416D9B218F4D2700AADF85;
			remoteInfo = Pokedex;
		};
		4C416DBC218F4D2900AADF85 /* PBXContainerItemProxy */ = {
			isa = PBXContainerItemProxy;
			containerPortal = 4C416D94218F4D2700AADF85 /* Project object */;
			proxyType = 1;
			remoteGlobalIDString = 4C416D9B218F4D2700AADF85;
			remoteInfo = Pokedex;
		};
/* End PBXContainerItemProxy section */

/* Begin PBXFileReference section */
		4C416D9C218F4D2700AADF85 /* Pokedex.app */ = {isa = PBXFileReference; explicitFileType = wrapper.application; includeInIndex = 0; path = Pokedex.app; sourceTree = BUILT_PRODUCTS_DIR; };
		4C416D9F218F4D2700AADF85 /* AppDelegate.swift */ = {isa = PBXFileReference; lastKnownFileType = sourcecode.swift; path = AppDelegate.swift; sourceTree = "<group>"; };
		4C416DA4218F4D2700AADF85 /* Base */ = {isa = PBXFileReference; lastKnownFileType = file.storyboard; name = Base; path = Base.lproj/Main.storyboard; sourceTree = "<group>"; };
		4C416DA6218F4D2900AADF85 /* Assets.xcassets */ = {isa = PBXFileReference; lastKnownFileType = folder.assetcatalog; path = Assets.xcassets; sourceTree = "<group>"; };
		4C416DA9218F4D2900AADF85 /* Base */ = {isa = PBXFileReference; lastKnownFileType = file.storyboard; name = Base; path = Base.lproj/LaunchScreen.storyboard; sourceTree = "<group>"; };
		4C416DAB218F4D2900AADF85 /* Info.plist */ = {isa = PBXFileReference; lastKnownFileType = text.plist.xml; path = Info.plist; sourceTree = "<group>"; };
		4C416DB0218F4D2900AADF85 /* PokedexTests.xctest */ = {isa = PBXFileReference; explicitFileType = wrapper.cfbundle; includeInIndex = 0; path = PokedexTests.xctest; sourceTree = BUILT_PRODUCTS_DIR; };
		4C416DB4218F4D2900AADF85 /* PokedexTests.swift */ = {isa = PBXFileReference; lastKnownFileType = sourcecode.swift; path = PokedexTests.swift; sourceTree = "<group>"; };
		4C416DB6218F4D2900AADF85 /* Info.plist */ = {isa = PBXFileReference; lastKnownFileType = text.plist.xml; path = Info.plist; sourceTree = "<group>"; };
		4C416DBB218F4D2900AADF85 /* PokedexUITests.xctest */ = {isa = PBXFileReference; explicitFileType = wrapper.cfbundle; includeInIndex = 0; path = PokedexUITests.xctest; sourceTree = BUILT_PRODUCTS_DIR; };
		4C416DBF218F4D2900AADF85 /* PokedexUITests.swift */ = {isa = PBXFileReference; lastKnownFileType = sourcecode.swift; path = PokedexUITests.swift; sourceTree = "<group>"; };
		4C416DC1218F4D2900AADF85 /* Info.plist */ = {isa = PBXFileReference; lastKnownFileType = text.plist.xml; path = Info.plist; sourceTree = "<group>"; };
		4C416DCE218F4DCB00AADF85 /* Race.swift */ = {isa = PBXFileReference; fileEncoding = 4; lastKnownFileType = sourcecode.swift; path = Race.swift; sourceTree = "<group>"; };
		4C416DCF218F4DCC00AADF85 /* Type.swift */ = {isa = PBXFileReference; fileEncoding = 4; lastKnownFileType = sourcecode.swift; path = Type.swift; sourceTree = "<group>"; };
		4C416DD0218F4DCC00AADF85 /* PokedexModel.swift */ = {isa = PBXFileReference; fileEncoding = 4; lastKnownFileType = sourcecode.swift; path = PokedexModel.swift; sourceTree = "<group>"; };
		4C416DD1218F4DCC00AADF85 /* pokedex.plist */ = {isa = PBXFileReference; fileEncoding = 4; lastKnownFileType = text.plist.xml; path = pokedex.plist; sourceTree = "<group>"; };
		4C704890218F6B57004A43B2 /* TypesTableViewCell.swift */ = {isa = PBXFileReference; lastKnownFileType = sourcecode.swift; path = TypesTableViewCell.swift; sourceTree = "<group>"; };
		4C704892218F7524004A43B2 /* RacesTableViewController.swift */ = {isa = PBXFileReference; lastKnownFileType = sourcecode.swift; path = RacesTableViewController.swift; sourceTree = "<group>"; };
		4C8B99F8218F54C30061A9FC /* TypesTableViewController.swift */ = {isa = PBXFileReference; lastKnownFileType = sourcecode.swift; path = TypesTableViewController.swift; sourceTree = "<group>"; };
		4CF0C008218F9A620069B120 /* WebViewController.swift */ = {isa = PBXFileReference; lastKnownFileType = sourcecode.swift; path = WebViewController.swift; sourceTree = "<group>"; };
/* End PBXFileReference section */

/* Begin PBXFrameworksBuildPhase section */
		4C416D99218F4D2700AADF85 /* Frameworks */ = {
			isa = PBXFrameworksBuildPhase;
			buildActionMask = 2147483647;
			files = (
			);
			runOnlyForDeploymentPostprocessing = 0;
		};
		4C416DAD218F4D2900AADF85 /* Frameworks */ = {
			isa = PBXFrameworksBuildPhase;
			buildActionMask = 2147483647;
			files = (
			);
			runOnlyForDeploymentPostprocessing = 0;
		};
		4C416DB8218F4D2900AADF85 /* Frameworks */ = {
			isa = PBXFrameworksBuildPhase;
			buildActionMask = 2147483647;
			files = (
			);
			runOnlyForDeploymentPostprocessing = 0;
		};
/* End PBXFrameworksBuildPhase section */

/* Begin PBXGroup section */
		4C416D93218F4D2700AADF85 = {
			isa = PBXGroup;
			children = (
				4C416D9E218F4D2700AADF85 /* Pokedex */,
				4C416DB3218F4D2900AADF85 /* PokedexTests */,
				4C416DBE218F4D2900AADF85 /* PokedexUITests */,
				4C416D9D218F4D2700AADF85 /* Products */,
			);
			sourceTree = "<group>";
		};
		4C416D9D218F4D2700AADF85 /* Products */ = {
			isa = PBXGroup;
			children = (
				4C416D9C218F4D2700AADF85 /* Pokedex.app */,
				4C416DB0218F4D2900AADF85 /* PokedexTests.xctest */,
				4C416DBB218F4D2900AADF85 /* PokedexUITests.xctest */,
			);
			name = Products;
			sourceTree = "<group>";
		};
		4C416D9E218F4D2700AADF85 /* Pokedex */ = {
			isa = PBXGroup;
			children = (
				4C416DD6218F4E1400AADF85 /* Modelo */,
				4C416D9F218F4D2700AADF85 /* AppDelegate.swift */,
				4C416DA3218F4D2700AADF85 /* Main.storyboard */,
				4CF0C008218F9A620069B120 /* WebViewController.swift */,
				4C704892218F7524004A43B2 /* RacesTableViewController.swift */,
				4C8B99F8218F54C30061A9FC /* TypesTableViewController.swift */,
				4C416DA6218F4D2900AADF85 /* Assets.xcassets */,
				4C416DA8218F4D2900AADF85 /* LaunchScreen.storyboard */,
				4C416DAB218F4D2900AADF85 /* Info.plist */,
				4C704890218F6B57004A43B2 /* TypesTableViewCell.swift */,
			);
			path = Pokedex;
			sourceTree = "<group>";
		};
		4C416DB3218F4D2900AADF85 /* PokedexTests */ = {
			isa = PBXGroup;
			children = (
				4C416DB4218F4D2900AADF85 /* PokedexTests.swift */,
				4C416DB6218F4D2900AADF85 /* Info.plist */,
			);
			path = PokedexTests;
			sourceTree = "<group>";
		};
		4C416DBE218F4D2900AADF85 /* PokedexUITests */ = {
			isa = PBXGroup;
			children = (
				4C416DBF218F4D2900AADF85 /* PokedexUITests.swift */,
				4C416DC1218F4D2900AADF85 /* Info.plist */,
			);
			path = PokedexUITests;
			sourceTree = "<group>";
		};
		4C416DD6218F4E1400AADF85 /* Modelo */ = {
			isa = PBXGroup;
			children = (
				4C416DD1218F4DCC00AADF85 /* pokedex.plist */,
				4C416DD0218F4DCC00AADF85 /* PokedexModel.swift */,
				4C416DCE218F4DCB00AADF85 /* Race.swift */,
				4C416DCF218F4DCC00AADF85 /* Type.swift */,
			);
			path = Modelo;
			sourceTree = "<group>";
		};
/* End PBXGroup section */

/* Begin PBXNativeTarget section */
		4C416D9B218F4D2700AADF85 /* Pokedex */ = {
			isa = PBXNativeTarget;
			buildConfigurationList = 4C416DC4218F4D2900AADF85 /* Build configuration list for PBXNativeTarget "Pokedex" */;
			buildPhases = (
				4C416D98218F4D2700AADF85 /* Sources */,
				4C416D99218F4D2700AADF85 /* Frameworks */,
				4C416D9A218F4D2700AADF85 /* Resources */,
			);
			buildRules = (
			);
			dependencies = (
			);
			name = Pokedex;
			productName = Pokedex;
			productReference = 4C416D9C218F4D2700AADF85 /* Pokedex.app */;
			productType = "com.apple.product-type.application";
		};
		4C416DAF218F4D2900AADF85 /* PokedexTests */ = {
			isa = PBXNativeTarget;
			buildConfigurationList = 4C416DC7218F4D2900AADF85 /* Build configuration list for PBXNativeTarget "PokedexTests" */;
			buildPhases = (
				4C416DAC218F4D2900AADF85 /* Sources */,
				4C416DAD218F4D2900AADF85 /* Frameworks */,
				4C416DAE218F4D2900AADF85 /* Resources */,
			);
			buildRules = (
			);
			dependencies = (
				4C416DB2218F4D2900AADF85 /* PBXTargetDependency */,
			);
			name = PokedexTests;
			productName = PokedexTests;
			productReference = 4C416DB0218F4D2900AADF85 /* PokedexTests.xctest */;
			productType = "com.apple.product-type.bundle.unit-test";
		};
		4C416DBA218F4D2900AADF85 /* PokedexUITests */ = {
			isa = PBXNativeTarget;
			buildConfigurationList = 4C416DCA218F4D2900AADF85 /* Build configuration list for PBXNativeTarget "PokedexUITests" */;
			buildPhases = (
				4C416DB7218F4D2900AADF85 /* Sources */,
				4C416DB8218F4D2900AADF85 /* Frameworks */,
				4C416DB9218F4D2900AADF85 /* Resources */,
			);
			buildRules = (
			);
			dependencies = (
				4C416DBD218F4D2900AADF85 /* PBXTargetDependency */,
			);
			name = PokedexUITests;
			productName = PokedexUITests;
			productReference = 4C416DBB218F4D2900AADF85 /* PokedexUITests.xctest */;
			productType = "com.apple.product-type.bundle.ui-testing";
		};
/* End PBXNativeTarget section */

/* Begin PBXProject section */
		4C416D94218F4D2700AADF85 /* Project object */ = {
			isa = PBXProject;
			attributes = {
				LastSwiftUpdateCheck = 1000;
				LastUpgradeCheck = 1000;
				ORGANIZATIONNAME = David;
				TargetAttributes = {
					4C416D9B218F4D2700AADF85 = {
						CreatedOnToolsVersion = 10.0;
					};
					4C416DAF218F4D2900AADF85 = {
						CreatedOnToolsVersion = 10.0;
						TestTargetID = 4C416D9B218F4D2700AADF85;
					};
					4C416DBA218F4D2900AADF85 = {
						CreatedOnToolsVersion = 10.0;
						TestTargetID = 4C416D9B218F4D2700AADF85;
					};
				};
			};
			buildConfigurationList = 4C416D97218F4D2700AADF85 /* Build configuration list for PBXProject "Pokedex" */;
			compatibilityVersion = "Xcode 9.3";
			developmentRegion = en;
			hasScannedForEncodings = 0;
			knownRegions = (
				en,
				Base,
			);
			mainGroup = 4C416D93218F4D2700AADF85;
			productRefGroup = 4C416D9D218F4D2700AADF85 /* Products */;
			projectDirPath = "";
			projectRoot = "";
			targets = (
				4C416D9B218F4D2700AADF85 /* Pokedex */,
				4C416DAF218F4D2900AADF85 /* PokedexTests */,
				4C416DBA218F4D2900AADF85 /* PokedexUITests */,
			);
		};
/* End PBXProject section */

/* Begin PBXResourcesBuildPhase section */
		4C416D9A218F4D2700AADF85 /* Resources */ = {
			isa = PBXResourcesBuildPhase;
			buildActionMask = 2147483647;
			files = (
				4C416DAA218F4D2900AADF85 /* LaunchScreen.storyboard in Resources */,
				4C416DA7218F4D2900AADF85 /* Assets.xcassets in Resources */,
				4C416DA5218F4D2700AADF85 /* Main.storyboard in Resources */,
				4C416DD5218F4DCC00AADF85 /* pokedex.plist in Resources */,
			);
			runOnlyForDeploymentPostprocessing = 0;
		};
		4C416DAE218F4D2900AADF85 /* Resources */ = {
			isa = PBXResourcesBuildPhase;
			buildActionMask = 2147483647;
			files = (
			);
			runOnlyForDeploymentPostprocessing = 0;
		};
		4C416DB9218F4D2900AADF85 /* Resources */ = {
			isa = PBXResourcesBuildPhase;
			buildActionMask = 2147483647;
			files = (
			);
			runOnlyForDeploymentPostprocessing = 0;
		};
/* End PBXResourcesBuildPhase section */

/* Begin PBXSourcesBuildPhase section */
		4C416D98218F4D2700AADF85 /* Sources */ = {
			isa = PBXSourcesBuildPhase;
			buildActionMask = 2147483647;
			files = (
				4C416DD2218F4DCC00AADF85 /* Race.swift in Sources */,
				4C8B99F9218F54C30061A9FC /* TypesTableViewController.swift in Sources */,
				4C416DA0218F4D2700AADF85 /* AppDelegate.swift in Sources */,
				4C704891218F6B57004A43B2 /* TypesTableViewCell.swift in Sources */,
				4C704893218F7524004A43B2 /* RacesTableViewController.swift in Sources */,
				4C416DD4218F4DCC00AADF85 /* PokedexModel.swift in Sources */,
				4C416DD3218F4DCC00AADF85 /* Type.swift in Sources */,
				4CF0C009218F9A620069B120 /* WebViewController.swift in Sources */,
			);
			runOnlyForDeploymentPostprocessing = 0;
		};
		4C416DAC218F4D2900AADF85 /* Sources */ = {
			isa = PBXSourcesBuildPhase;
			buildActionMask = 2147483647;
			files = (
				4C416DB5218F4D2900AADF85 /* PokedexTests.swift in Sources */,
			);
			runOnlyForDeploymentPostprocessing = 0;
		};
		4C416DB7218F4D2900AADF85 /* Sources */ = {
			isa = PBXSourcesBuildPhase;
			buildActionMask = 2147483647;
			files = (
				4C416DC0218F4D2900AADF85 /* PokedexUITests.swift in Sources */,
			);
			runOnlyForDeploymentPostprocessing = 0;
		};
/* End PBXSourcesBuildPhase section */

/* Begin PBXTargetDependency section */
		4C416DB2218F4D2900AADF85 /* PBXTargetDependency */ = {
			isa = PBXTargetDependency;
			target = 4C416D9B218F4D2700AADF85 /* Pokedex */;
			targetProxy = 4C416DB1218F4D2900AADF85 /* PBXContainerItemProxy */;
		};
		4C416DBD218F4D2900AADF85 /* PBXTargetDependency */ = {
			isa = PBXTargetDependency;
			target = 4C416D9B218F4D2700AADF85 /* Pokedex */;
			targetProxy = 4C416DBC218F4D2900AADF85 /* PBXContainerItemProxy */;
		};
/* End PBXTargetDependency section */

/* Begin PBXVariantGroup section */
		4C416DA3218F4D2700AADF85 /* Main.storyboard */ = {
			isa = PBXVariantGroup;
			children = (
				4C416DA4218F4D2700AADF85 /* Base */,
			);
			name = Main.storyboard;
			sourceTree = "<group>";
		};
		4C416DA8218F4D2900AADF85 /* LaunchScreen.storyboard */ = {
			isa = PBXVariantGroup;
			children = (
				4C416DA9218F4D2900AADF85 /* Base */,
			);
			name = LaunchScreen.storyboard;
			sourceTree = "<group>";
		};
/* End PBXVariantGroup section */

/* Begin XCBuildConfiguration section */
		4C416DC2218F4D2900AADF85 /* Debug */ = {
			isa = XCBuildConfiguration;
			buildSettings = {
				ALWAYS_SEARCH_USER_PATHS = NO;
				CLANG_ANALYZER_NONNULL = YES;
				CLANG_ANALYZER_NUMBER_OBJECT_CONVERSION = YES_AGGRESSIVE;
				CLANG_CXX_LANGUAGE_STANDARD = "gnu++14";
				CLANG_CXX_LIBRARY = "libc++";
				CLANG_ENABLE_MODULES = YES;
				CLANG_ENABLE_OBJC_ARC = YES;
				CLANG_ENABLE_OBJC_WEAK = YES;
				CLANG_WARN_BLOCK_CAPTURE_AUTORELEASING = YES;
				CLANG_WARN_BOOL_CONVERSION = YES;
				CLANG_WARN_COMMA = YES;
				CLANG_WARN_CONSTANT_CONVERSION = YES;
				CLANG_WARN_DEPRECATED_OBJC_IMPLEMENTATIONS = YES;
				CLANG_WARN_DIRECT_OBJC_ISA_USAGE = YES_ERROR;
				CLANG_WARN_DOCUMENTATION_COMMENTS = YES;
				CLANG_WARN_EMPTY_BODY = YES;
				CLANG_WARN_ENUM_CONVERSION = YES;
				CLANG_WARN_INFINITE_RECURSION = YES;
				CLANG_WARN_INT_CONVERSION = YES;
				CLANG_WARN_NON_LITERAL_NULL_CONVERSION = YES;
				CLANG_WARN_OBJC_IMPLICIT_RETAIN_SELF = YES;
				CLANG_WARN_OBJC_LITERAL_CONVERSION = YES;
				CLANG_WARN_OBJC_ROOT_CLASS = YES_ERROR;
				CLANG_WARN_RANGE_LOOP_ANALYSIS = YES;
				CLANG_WARN_STRICT_PROTOTYPES = YES;
				CLANG_WARN_SUSPICIOUS_MOVE = YES;
				CLANG_WARN_UNGUARDED_AVAILABILITY = YES_AGGRESSIVE;
				CLANG_WARN_UNREACHABLE_CODE = YES;
				CLANG_WARN__DUPLICATE_METHOD_MATCH = YES;
				CODE_SIGN_IDENTITY = "iPhone Developer";
				COPY_PHASE_STRIP = NO;
				DEBUG_INFORMATION_FORMAT = dwarf;
				ENABLE_STRICT_OBJC_MSGSEND = YES;
				ENABLE_TESTABILITY = YES;
				GCC_C_LANGUAGE_STANDARD = gnu11;
				GCC_DYNAMIC_NO_PIC = NO;
				GCC_NO_COMMON_BLOCKS = YES;
				GCC_OPTIMIZATION_LEVEL = 0;
				GCC_PREPROCESSOR_DEFINITIONS = (
					"DEBUG=1",
					"$(inherited)",
				);
				GCC_WARN_64_TO_32_BIT_CONVERSION = YES;
				GCC_WARN_ABOUT_RETURN_TYPE = YES_ERROR;
				GCC_WARN_UNDECLARED_SELECTOR = YES;
				GCC_WARN_UNINITIALIZED_AUTOS = YES_AGGRESSIVE;
				GCC_WARN_UNUSED_FUNCTION = YES;
				GCC_WARN_UNUSED_VARIABLE = YES;
				IPHONEOS_DEPLOYMENT_TARGET = 12.0;
				MTL_ENABLE_DEBUG_INFO = INCLUDE_SOURCE;
				MTL_FAST_MATH = YES;
				ONLY_ACTIVE_ARCH = YES;
				SDKROOT = iphoneos;
				SWIFT_ACTIVE_COMPILATION_CONDITIONS = DEBUG;
				SWIFT_OPTIMIZATION_LEVEL = "-Onone";
			};
			name = Debug;
		};
		4C416DC3218F4D2900AADF85 /* Release */ = {
			isa = XCBuildConfiguration;
			buildSettings = {
				ALWAYS_SEARCH_USER_PATHS = NO;
				CLANG_ANALYZER_NONNULL = YES;
				CLANG_ANALYZER_NUMBER_OBJECT_CONVERSION = YES_AGGRESSIVE;
				CLANG_CXX_LANGUAGE_STANDARD = "gnu++14";
				CLANG_CXX_LIBRARY = "libc++";
				CLANG_ENABLE_MODULES = YES;
				CLANG_ENABLE_OBJC_ARC = YES;
				CLANG_ENABLE_OBJC_WEAK = YES;
				CLANG_WARN_BLOCK_CAPTURE_AUTORELEASING = YES;
				CLANG_WARN_BOOL_CONVERSION = YES;
				CLANG_WARN_COMMA = YES;
				CLANG_WARN_CONSTANT_CONVERSION = YES;
				CLANG_WARN_DEPRECATED_OBJC_IMPLEMENTATIONS = YES;
				CLANG_WARN_DIRECT_OBJC_ISA_USAGE = YES_ERROR;
				CLANG_WARN_DOCUMENTATION_COMMENTS = YES;
				CLANG_WARN_EMPTY_BODY = YES;
				CLANG_WARN_ENUM_CONVERSION = YES;
				CLANG_WARN_INFINITE_RECURSION = YES;
				CLANG_WARN_INT_CONVERSION = YES;
				CLANG_WARN_NON_LITERAL_NULL_CONVERSION = YES;
				CLANG_WARN_OBJC_IMPLICIT_RETAIN_SELF = YES;
				CLANG_WARN_OBJC_LITERAL_CONVERSION = YES;
				CLANG_WARN_OBJC_ROOT_CLASS = YES_ERROR;
				CLANG_WARN_RANGE_LOOP_ANALYSIS = YES;
				CLANG_WARN_STRICT_PROTOTYPES = YES;
				CLANG_WARN_SUSPICIOUS_MOVE = YES;
				CLANG_WARN_UNGUARDED_AVAILABILITY = YES_AGGRESSIVE;
				CLANG_WARN_UNREACHABLE_CODE = YES;
				CLANG_WARN__DUPLICATE_METHOD_MATCH = YES;
				CODE_SIGN_IDENTITY = "iPhone Developer";
				COPY_PHASE_STRIP = NO;
				DEBUG_INFORMATION_FORMAT = "dwarf-with-dsym";
				ENABLE_NS_ASSERTIONS = NO;
				ENABLE_STRICT_OBJC_MSGSEND = YES;
				GCC_C_LANGUAGE_STANDARD = gnu11;
				GCC_NO_COMMON_BLOCKS = YES;
				GCC_WARN_64_TO_32_BIT_CONVERSION = YES;
				GCC_WARN_ABOUT_RETURN_TYPE = YES_ERROR;
				GCC_WARN_UNDECLARED_SELECTOR = YES;
				GCC_WARN_UNINITIALIZED_AUTOS = YES_AGGRESSIVE;
				GCC_WARN_UNUSED_FUNCTION = YES;
				GCC_WARN_UNUSED_VARIABLE = YES;
				IPHONEOS_DEPLOYMENT_TARGET = 12.0;
				MTL_ENABLE_DEBUG_INFO = NO;
				MTL_FAST_MATH = YES;
				SDKROOT = iphoneos;
				SWIFT_COMPILATION_MODE = wholemodule;
				SWIFT_OPTIMIZATION_LEVEL = "-O";
				VALIDATE_PRODUCT = YES;
			};
			name = Release;
		};
		4C416DC5218F4D2900AADF85 /* Debug */ = {
			isa = XCBuildConfiguration;
			buildSettings = {
				ASSETCATALOG_COMPILER_APPICON_NAME = AppIcon;
				CODE_SIGN_STYLE = Automatic;
				INFOPLIST_FILE = Pokedex/Info.plist;
				LD_RUNPATH_SEARCH_PATHS = (
					"$(inherited)",
					"@executable_path/Frameworks",
				);
				PRODUCT_BUNDLE_IDENTIFIER = es.upm.dit.Pokedex;
				PRODUCT_NAME = "$(TARGET_NAME)";
				SWIFT_VERSION = 4.2;
				TARGETED_DEVICE_FAMILY = "1,2";
			};
			name = Debug;
		};
		4C416DC6218F4D2900AADF85 /* Release */ = {
			isa = XCBuildConfiguration;
			buildSettings = {
				ASSETCATALOG_COMPILER_APPICON_NAME = AppIcon;
				CODE_SIGN_STYLE = Automatic;
				INFOPLIST_FILE = Pokedex/Info.plist;
				LD_RUNPATH_SEARCH_PATHS = (
					"$(inherited)",
					"@executable_path/Frameworks",
				);
				PRODUCT_BUNDLE_IDENTIFIER = es.upm.dit.Pokedex;
				PRODUCT_NAME = "$(TARGET_NAME)";
				SWIFT_VERSION = 4.2;
				TARGETED_DEVICE_FAMILY = "1,2";
			};
			name = Release;
		};
		4C416DC8218F4D2900AADF85 /* Debug */ = {
			isa = XCBuildConfiguration;
			buildSettings = {
				ALWAYS_EMBED_SWIFT_STANDARD_LIBRARIES = YES;
				BUNDLE_LOADER = "$(TEST_HOST)";
				CODE_SIGN_STYLE = Automatic;
				INFOPLIST_FILE = PokedexTests/Info.plist;
				LD_RUNPATH_SEARCH_PATHS = (
					"$(inherited)",
					"@executable_path/Frameworks",
					"@loader_path/Frameworks",
				);
				PRODUCT_BUNDLE_IDENTIFIER = es.upm.dit.PokedexTests;
				PRODUCT_NAME = "$(TARGET_NAME)";
				SWIFT_VERSION = 4.2;
				TARGETED_DEVICE_FAMILY = "1,2";
				TEST_HOST = "$(BUILT_PRODUCTS_DIR)/Pokedex.app/Pokedex";
			};
			name = Debug;
		};
		4C416DC9218F4D2900AADF85 /* Release */ = {
			isa = XCBuildConfiguration;
			buildSettings = {
				ALWAYS_EMBED_SWIFT_STANDARD_LIBRARIES = YES;
				BUNDLE_LOADER = "$(TEST_HOST)";
				CODE_SIGN_STYLE = Automatic;
				INFOPLIST_FILE = PokedexTests/Info.plist;
				LD_RUNPATH_SEARCH_PATHS = (
					"$(inherited)",
					"@executable_path/Frameworks",
					"@loader_path/Frameworks",
				);
				PRODUCT_BUNDLE_IDENTIFIER = es.upm.dit.PokedexTests;
				PRODUCT_NAME = "$(TARGET_NAME)";
				SWIFT_VERSION = 4.2;
				TARGETED_DEVICE_FAMILY = "1,2";
				TEST_HOST = "$(BUILT_PRODUCTS_DIR)/Pokedex.app/Pokedex";
			};
			name = Release;
		};
		4C416DCB218F4D2900AADF85 /* Debug */ = {
			isa = XCBuildConfiguration;
			buildSettings = {
				ALWAYS_EMBED_SWIFT_STANDARD_LIBRARIES = YES;
				CODE_SIGN_STYLE = Automatic;
				INFOPLIST_FILE = PokedexUITests/Info.plist;
				LD_RUNPATH_SEARCH_PATHS = (
					"$(inherited)",
					"@executable_path/Frameworks",
					"@loader_path/Frameworks",
				);
				PRODUCT_BUNDLE_IDENTIFIER = es.upm.dit.PokedexUITests;
				PRODUCT_NAME = "$(TARGET_NAME)";
				SWIFT_VERSION = 4.2;
				TARGETED_DEVICE_FAMILY = "1,2";
				TEST_TARGET_NAME = Pokedex;
			};
			name = Debug;
		};
		4C416DCC218F4D2900AADF85 /* Release */ = {
			isa = XCBuildConfiguration;
			buildSettings = {
				ALWAYS_EMBED_SWIFT_STANDARD_LIBRARIES = YES;
				CODE_SIGN_STYLE = Automatic;
				INFOPLIST_FILE = PokedexUITests/Info.plist;
				LD_RUNPATH_SEARCH_PATHS = (
					"$(inherited)",
					"@executable_path/Frameworks",
					"@loader_path/Frameworks",
				);
				PRODUCT_BUNDLE_IDENTIFIER = es.upm.dit.PokedexUITests;
				PRODUCT_NAME = "$(TARGET_NAME)";
				SWIFT_VERSION = 4.2;
				TARGETED_DEVICE_FAMILY = "1,2";
				TEST_TARGET_NAME = Pokedex;
			};
			name = Release;
		};
/* End XCBuildConfiguration section */

/* Begin XCConfigurationList section */
		4C416D97218F4D2700AADF85 /* Build configuration list for PBXProject "Pokedex" */ = {
			isa = XCConfigurationList;
			buildConfigurations = (
				4C416DC2218F4D2900AADF85 /* Debug */,
				4C416DC3218F4D2900AADF85 /* Release */,
			);
			defaultConfigurationIsVisible = 0;
			defaultConfigurationName = Release;
		};
		4C416DC4218F4D2900AADF85 /* Build configuration list for PBXNativeTarget "Pokedex" */ = {
			isa = XCConfigurationList;
			buildConfigurations = (
				4C416DC5218F4D2900AADF85 /* Debug */,
				4C416DC6218F4D2900AADF85 /* Release */,
			);
			defaultConfigurationIsVisible = 0;
			defaultConfigurationName = Release;
		};
		4C416DC7218F4D2900AADF85 /* Build configuration list for PBXNativeTarget "PokedexTests" */ = {
			isa = XCConfigurationList;
			buildConfigurations = (
				4C416DC8218F4D2900AADF85 /* Debug */,
				4C416DC9218F4D2900AADF85 /* Release */,
			);
			defaultConfigurationIsVisible = 0;
			defaultConfigurationName = Release;
		};
		4C416DCA218F4D2900AADF85 /* Build configuration list for PBXNativeTarget "PokedexUITests" */ = {
			isa = XCConfigurationList;
			buildConfigurations = (
				4C416DCB218F4D2900AADF85 /* Debug */,
				4C416DCC218F4D2900AADF85 /* Release */,
			);
			defaultConfigurationIsVisible = 0;
			defaultConfigurationName = Release;
		};
/* End XCConfigurationList section */
	};
	rootObject = 4C416D94218F4D2700AADF85 /* Project object */;
}
